<?xml version="1.0" encoding="utf-8"?>
<Project ToolsVersion="4.0" xmlns="http://schemas.microsoft.com/developer/msbuild/2003">
  <ItemGroup>
    <Filter Include="Source Files">
      <UniqueIdentifier>{4FC737F1-C7A5-4376-A066-2A32D752A2FF}</UniqueIdentifier>
      <Extensions>cpp;c;cc;cxx;def;odl;idl;hpj;bat;asm;asmx</Extensions>
    </Filter>
    <Filter Include="Header Files">
      <UniqueIdentifier>{93995380-89BD-4b04-88EB-625FBE52EBFB}</UniqueIdentifier>
      <Extensions>h;hpp;hxx;hm;inl;inc;xsd</Extensions>
    </Filter>
    <Filter Include="Header Files\system">
      <UniqueIdentifier>{6b3b9e59-2685-4b6d-8f28-a04a18322525}</UniqueIdentifier>
    </Filter>
    <Filter Include="Header Files\generic">
      <UniqueIdentifier>{a75c2f0b-1448-4a39-80c9-fa3e920a7b77}</UniqueIdentifier>
    </Filter>
    <Filter Include="Header Files\core">
      <UniqueIdentifier>{ef9083ed-e1bd-47ef-841a-655ac507298b}</UniqueIdentifier>
    </Filter>
    <Filter Include="Header Files\extension">
      <UniqueIdentifier>{969ac347-ae91-4c7a-8fe3-da956035ef39}</UniqueIdentifier>
    </Filter>
    <Filter Include="Resource Files">
      <UniqueIdentifier>{67DA6AB6-F800-4c08-8B7A-83BB121AAD01}</UniqueIdentifier>
      <Extensions>rc;ico;cur;bmp;dlg;rc2;rct;bin;rgs;gif;jpg;jpeg;jpe;resx;tiff;tif;png;wav</Extensions>
    </Filter>
  </ItemGroup>
  <ItemGroup>
    <ClCompile Include="acto.cpp">
      <Filter>Source Files</Filter>
    </ClCompile>
    <ClCompile Include="system\event.cpp">
      <Filter>Source Files</Filter>
    </ClCompile>
    <ClCompile Include="core\message.cpp">
      <Filter>Source Files</Filter>
    </ClCompile>
    <ClCompile Include="modules\main\module.cpp">
      <Filter>Source Files</Filter>
    </ClCompile>
    <ClCompile Include="system\mutex.cpp">
      <Filter>Source Files</Filter>
    </ClCompile>
    <ClCompile Include="core\runtime.cpp">
      <Filter>Source Files</Filter>
    </ClCompile>
    <ClCompile Include="extension\services.cpp">
      <Filter>Source Files</Filter>
    </ClCompile>
    <ClCompile Include="system\thread.cpp">
      <Filter>Source Files</Filter>
    </ClCompile>
    <ClCompile Include="system\thread_pool.cpp">
      <Filter>Source Files</Filter>
    </ClCompile>
    <ClCompile Include="core\types.cpp">
      <Filter>Source Files</Filter>
    </ClCompile>
    <ClCompile Include="modules\main\worker.cpp">
      <Filter>Source Files</Filter>
    </ClCompile>
  </ItemGroup>
  <ItemGroup>
    <ClInclude Include="act_user.h">
      <Filter>Header Files</Filter>
    </ClInclude>
    <ClInclude Include="acto.h">
      <Filter>Header Files</Filter>
    </ClInclude>
    <ClInclude Include="system\atomic.h">
      <Filter>Header Files\system</Filter>
    </ClInclude>
    <ClInclude Include="system\event.h">
      <Filter>Header Files\system</Filter>
    </ClInclude>
    <ClInclude Include="system\mutex.h">
      <Filter>Header Files\system</Filter>
    </ClInclude>
    <ClInclude Include="system\platform.h">
      <Filter>Header Files\system</Filter>
    </ClInclude>
    <ClInclude Include="system\thread.h">
      <Filter>Header Files\system</Filter>
    </ClInclude>
    <ClInclude Include="system\thread_pool.h">
      <Filter>Header Files\system</Filter>
    </ClInclude>
    <ClInclude Include="generic\intrlist.h">
      <Filter>Header Files\generic</Filter>
    </ClInclude>
    <ClInclude Include="generic\queue.h">
      <Filter>Header Files\generic</Filter>
    </ClInclude>
    <ClInclude Include="generic\sequence.h">
      <Filter>Header Files\generic</Filter>
    </ClInclude>
    <ClInclude Include="generic\stack.h">
      <Filter>Header Files\generic</Filter>
    </ClInclude>
    <ClInclude Include="core\message.h">
      <Filter>Header Files\core</Filter>
    </ClInclude>
    <ClInclude Include="modules\main\module.h">
      <Filter>Header Files\core</Filter>
    </ClInclude>
    <ClInclude Include="core\runtime.h">
      <Filter>Header Files\core</Filter>
    </ClInclude>
    <ClInclude Include="core\serialization.h">
      <Filter>Header Files\core</Filter>
    </ClInclude>
    <ClInclude Include="core\types.h">
      <Filter>Header Files\core</Filter>
    </ClInclude>
    <ClInclude Include="modules\main\worker.h">
      <Filter>Header Files\core</Filter>
    </ClInclude>
    <ClInclude Include="extension\services.h">
      <Filter>Header Files\extension</Filter>
    </ClInclude>
  </ItemGroup>
</Project>